
Microsoft Visual Studio Solution File, Format Version 12.00
# Visual Studio 15
VisualStudioVersion = 15.0.26730.16
MinimumVisualStudioVersion = 10.0.40219.1
Project("{FAE04EC0-301F-11D3-BF4B-00C04F79EFBC}") = "CVTK", "CVTK\CVTK.csproj", "{22F33036-E59D-47A2-BD68-23EFA6A5B09C}"
EndProject
Global
	GlobalSection(SolutionConfigurationPlatforms) = preSolution
		Debug|Any CPU = Debug|Any CPU
		Release|Any CPU = Release|Any CPU
	EndGlobalSection
	GlobalSection(ProjectConfigurationPlatforms) = postSolution
		{22F33036-E59D-47A2-BD68-23EFA6A5B09C}.Debug|Any CPU.ActiveCfg = Debug|Any CPU
		{22F33036-E59D-47A2-BD68-23EFA6A5B09C}.Debug|Any CPU.Build.0 = Debug|Any CPU
		{22F33036-E59D-47A2-BD68-23EFA6A5B09C}.Release|Any CPU.ActiveCfg = Release|Any CPU
		{22F33036-E59D-47A2-BD68-23EFA6A5B09C}.Release|Any CPU.Build.0 = Release|Any CPU
	EndGlobalSection
	GlobalSection(SolutionProperties) = preSolution
		HideSolutionNode = FALSE
	EndGlobalSection
	GlobalSection(ExtensibilityGlobals) = postSolution
		SolutionGuid = {A3A6AEF1-9480-4911-991D-7017ACCC37C3}
	EndGlobalSection
EndGlobal
